// !$*UTF8*$!
{
	archiveVersion = 1;
	classes = {
	};
	objectVersion = 48;
	objects = {

/* Begin PBXBuildFile section */
		D42961E21FB4E85B0032D322 /* ParkingSpot+CoreDataClass.swift in Sources */ = {isa = PBXBuildFile; fileRef = D42961DE1FB4E85B0032D322 /* ParkingSpot+CoreDataClass.swift */; };
		D42961E31FB4E85B0032D322 /* ParkingSpot+CoreDataProperties.swift in Sources */ = {isa = PBXBuildFile; fileRef = D42961DF1FB4E85B0032D322 /* ParkingSpot+CoreDataProperties.swift */; };
		D42961E41FB4E85B0032D322 /* User+CoreDataClass.swift in Sources */ = {isa = PBXBuildFile; fileRef = D42961E01FB4E85B0032D322 /* User+CoreDataClass.swift */; };
		D42961E51FB4E85B0032D322 /* User+CoreDataProperties.swift in Sources */ = {isa = PBXBuildFile; fileRef = D42961E11FB4E85B0032D322 /* User+CoreDataProperties.swift */; };
		D45850B71FB4DB3B00E80531 /* AppDelegate.swift in Sources */ = {isa = PBXBuildFile; fileRef = D45850B61FB4DB3B00E80531 /* AppDelegate.swift */; };
		D45850B91FB4DB3B00E80531 /* ViewController.swift in Sources */ = {isa = PBXBuildFile; fileRef = D45850B81FB4DB3B00E80531 /* ViewController.swift */; };
		D45850BC1FB4DB3B00E80531 /* Main.storyboard in Resources */ = {isa = PBXBuildFile; fileRef = D45850BA1FB4DB3B00E80531 /* Main.storyboard */; };
		D45850BF1FB4DB3B00E80531 /* ParkingApp2.xcdatamodeld in Sources */ = {isa = PBXBuildFile; fileRef = D45850BD1FB4DB3B00E80531 /* ParkingApp2.xcdatamodeld */; };
		D45850C11FB4DB3B00E80531 /* Assets.xcassets in Resources */ = {isa = PBXBuildFile; fileRef = D45850C01FB4DB3B00E80531 /* Assets.xcassets */; };
		D45850C41FB4DB3B00E80531 /* LaunchScreen.storyboard in Resources */ = {isa = PBXBuildFile; fileRef = D45850C21FB4DB3B00E80531 /* LaunchScreen.storyboard */; };
		D45850CE1FB4DB4600E80531 /* CloudKit.framework in Frameworks */ = {isa = PBXBuildFile; fileRef = D45850CD1FB4DB4600E80531 /* CloudKit.framework */; };
		EF6EB0BD1FD8F1E40080CDCD /* ParkingSpot.swift in Sources */ = {isa = PBXBuildFile; fileRef = EF6EB0BC1FD8F1E40080CDCD /* ParkingSpot.swift */; };
		EF6EB0C11FD8F7B10080CDCD /* MapViewController.swift in Sources */ = {isa = PBXBuildFile; fileRef = EF6EB0C01FD8F7B10080CDCD /* MapViewController.swift */; };
		EF6EB0C31FD8FEBB0080CDCD /* SpotPointAnnotation.swift in Sources */ = {isa = PBXBuildFile; fileRef = EF6EB0C21FD8FEBB0080CDCD /* SpotPointAnnotation.swift */; };
/* End PBXBuildFile section */

/* Begin PBXFileReference section */
		D42961DE1FB4E85B0032D322 /* ParkingSpot+CoreDataClass.swift */ = {isa = PBXFileReference; lastKnownFileType = sourcecode.swift; path = "ParkingSpot+CoreDataClass.swift"; sourceTree = "<group>"; };
		D42961DF1FB4E85B0032D322 /* ParkingSpot+CoreDataProperties.swift */ = {isa = PBXFileReference; lastKnownFileType = sourcecode.swift; path = "ParkingSpot+CoreDataProperties.swift"; sourceTree = "<group>"; };
		D42961E01FB4E85B0032D322 /* User+CoreDataClass.swift */ = {isa = PBXFileReference; lastKnownFileType = sourcecode.swift; path = "User+CoreDataClass.swift"; sourceTree = "<group>"; };
		D42961E11FB4E85B0032D322 /* User+CoreDataProperties.swift */ = {isa = PBXFileReference; lastKnownFileType = sourcecode.swift; path = "User+CoreDataProperties.swift"; sourceTree = "<group>"; };
		D45850B31FB4DB3B00E80531 /* ParkingApp2.app */ = {isa = PBXFileReference; explicitFileType = wrapper.application; includeInIndex = 0; path = ParkingApp2.app; sourceTree = BUILT_PRODUCTS_DIR; };
		D45850B61FB4DB3B00E80531 /* AppDelegate.swift */ = {isa = PBXFileReference; lastKnownFileType = sourcecode.swift; path = AppDelegate.swift; sourceTree = "<group>"; };
		D45850B81FB4DB3B00E80531 /* ViewController.swift */ = {isa = PBXFileReference; lastKnownFileType = sourcecode.swift; path = ViewController.swift; sourceTree = "<group>"; };
		D45850BB1FB4DB3B00E80531 /* Base */ = {isa = PBXFileReference; lastKnownFileType = file.storyboard; name = Base; path = Base.lproj/Main.storyboard; sourceTree = "<group>"; };
		D45850BE1FB4DB3B00E80531 /* ParkingApp2.xcdatamodel */ = {isa = PBXFileReference; lastKnownFileType = wrapper.xcdatamodel; path = ParkingApp2.xcdatamodel; sourceTree = "<group>"; };
		D45850C01FB4DB3B00E80531 /* Assets.xcassets */ = {isa = PBXFileReference; lastKnownFileType = folder.assetcatalog; path = Assets.xcassets; sourceTree = "<group>"; };
		D45850C31FB4DB3B00E80531 /* Base */ = {isa = PBXFileReference; lastKnownFileType = file.storyboard; name = Base; path = Base.lproj/LaunchScreen.storyboard; sourceTree = "<group>"; };
		D45850C51FB4DB3B00E80531 /* Info.plist */ = {isa = PBXFileReference; lastKnownFileType = text.plist.xml; path = Info.plist; sourceTree = "<group>"; };
		D45850CB1FB4DB4400E80531 /* ParkingApp2.entitlements */ = {isa = PBXFileReference; lastKnownFileType = text.plist.entitlements; path = ParkingApp2.entitlements; sourceTree = "<group>"; };
		D45850CD1FB4DB4600E80531 /* CloudKit.framework */ = {isa = PBXFileReference; lastKnownFileType = wrapper.framework; name = CloudKit.framework; path = System/Library/Frameworks/CloudKit.framework; sourceTree = SDKROOT; };
		EF6EB0BC1FD8F1E40080CDCD /* ParkingSpot.swift */ = {isa = PBXFileReference; lastKnownFileType = sourcecode.swift; path = ParkingSpot.swift; sourceTree = "<group>"; };
		EF6EB0C01FD8F7B10080CDCD /* MapViewController.swift */ = {isa = PBXFileReference; lastKnownFileType = sourcecode.swift; path = MapViewController.swift; sourceTree = "<group>"; };
		EF6EB0C21FD8FEBB0080CDCD /* SpotPointAnnotation.swift */ = {isa = PBXFileReference; lastKnownFileType = sourcecode.swift; path = SpotPointAnnotation.swift; sourceTree = "<group>"; };
/* End PBXFileReference section */

/* Begin PBXFrameworksBuildPhase section */
		D45850B01FB4DB3B00E80531 /* Frameworks */ = {
			isa = PBXFrameworksBuildPhase;
			buildActionMask = 2147483647;
			files = (
				D45850CE1FB4DB4600E80531 /* CloudKit.framework in Frameworks */,
			);
			runOnlyForDeploymentPostprocessing = 0;
		};
/* End PBXFrameworksBuildPhase section */

/* Begin PBXGroup section */
		D45850AA1FB4DB3B00E80531 = {
			isa = PBXGroup;
			children = (
				D45850B51FB4DB3B00E80531 /* ParkingApp2 */,
				D45850B41FB4DB3B00E80531 /* Products */,
				D45850CC1FB4DB4600E80531 /* Frameworks */,
			);
			sourceTree = "<group>";
		};
		D45850B41FB4DB3B00E80531 /* Products */ = {
			isa = PBXGroup;
			children = (
				D45850B31FB4DB3B00E80531 /* ParkingApp2.app */,
			);
			name = Products;
			sourceTree = "<group>";
		};
		D45850B51FB4DB3B00E80531 /* ParkingApp2 */ = {
			isa = PBXGroup;
			children = (
				D42961DE1FB4E85B0032D322 /* ParkingSpot+CoreDataClass.swift */,
				D42961DF1FB4E85B0032D322 /* ParkingSpot+CoreDataProperties.swift */,
				D42961E01FB4E85B0032D322 /* User+CoreDataClass.swift */,
				D42961E11FB4E85B0032D322 /* User+CoreDataProperties.swift */,
				D45850CB1FB4DB4400E80531 /* ParkingApp2.entitlements */,
				D45850B61FB4DB3B00E80531 /* AppDelegate.swift */,
				D45850B81FB4DB3B00E80531 /* ViewController.swift */,
				D45850BA1FB4DB3B00E80531 /* Main.storyboard */,
				EF6EB0BC1FD8F1E40080CDCD /* ParkingSpot.swift */,
				D45850C01FB4DB3B00E80531 /* Assets.xcassets */,
				D45850C21FB4DB3B00E80531 /* LaunchScreen.storyboard */,
				D45850C51FB4DB3B00E80531 /* Info.plist */,
				D45850BD1FB4DB3B00E80531 /* ParkingApp2.xcdatamodeld */,
				EF6EB0C01FD8F7B10080CDCD /* MapViewController.swift */,
				EF6EB0C21FD8FEBB0080CDCD /* SpotPointAnnotation.swift */,
			);
			path = ParkingApp2;
			sourceTree = "<group>";
		};
		D45850CC1FB4DB4600E80531 /* Frameworks */ = {
			isa = PBXGroup;
			children = (
				D45850CD1FB4DB4600E80531 /* CloudKit.framework */,
			);
			name = Frameworks;
			sourceTree = "<group>";
		};
/* End PBXGroup section */

/* Begin PBXNativeTarget section */
		D45850B21FB4DB3B00E80531 /* ParkingApp2 */ = {
			isa = PBXNativeTarget;
			buildConfigurationList = D45850C81FB4DB3B00E80531 /* Build configuration list for PBXNativeTarget "ParkingApp2" */;
			buildPhases = (
				D45850AF1FB4DB3B00E80531 /* Sources */,
				D45850B01FB4DB3B00E80531 /* Frameworks */,
				D45850B11FB4DB3B00E80531 /* Resources */,
			);
			buildRules = (
			);
			dependencies = (
			);
			name = ParkingApp2;
			productName = ParkingApp2;
			productReference = D45850B31FB4DB3B00E80531 /* ParkingApp2.app */;
			productType = "com.apple.product-type.application";
		};
/* End PBXNativeTarget section */

/* Begin PBXProject section */
		D45850AB1FB4DB3B00E80531 /* Project object */ = {
			isa = PBXProject;
			attributes = {
				LastSwiftUpdateCheck = 0910;
				LastUpgradeCheck = 0910;
				ORGANIZATIONNAME = "David Duenow";
				TargetAttributes = {
					D45850B21FB4DB3B00E80531 = {
						CreatedOnToolsVersion = 9.1;
						ProvisioningStyle = Automatic;
						SystemCapabilities = {
							com.apple.Push = {
								enabled = 1;
							};
							com.apple.iCloud = {
								enabled = 1;
							};
						};
					};
				};
			};
			buildConfigurationList = D45850AE1FB4DB3B00E80531 /* Build configuration list for PBXProject "ParkingApp2" */;
			compatibilityVersion = "Xcode 8.0";
			developmentRegion = en;
			hasScannedForEncodings = 0;
			knownRegions = (
				en,
				Base,
			);
			mainGroup = D45850AA1FB4DB3B00E80531;
			productRefGroup = D45850B41FB4DB3B00E80531 /* Products */;
			projectDirPath = "";
			projectRoot = "";
			targets = (
				D45850B21FB4DB3B00E80531 /* ParkingApp2 */,
			);
		};
/* End PBXProject section */

/* Begin PBXResourcesBuildPhase section */
		D45850B11FB4DB3B00E80531 /* Resources */ = {
			isa = PBXResourcesBuildPhase;
			buildActionMask = 2147483647;
			files = (
				D45850C41FB4DB3B00E80531 /* LaunchScreen.storyboard in Resources */,
				D45850C11FB4DB3B00E80531 /* Assets.xcassets in Resources */,
				D45850BC1FB4DB3B00E80531 /* Main.storyboard in Resources */,
			);
			runOnlyForDeploymentPostprocessing = 0;
		};
/* End PBXResourcesBuildPhase section */

/* Begin PBXSourcesBuildPhase section */
		D45850AF1FB4DB3B00E80531 /* Sources */ = {
			isa = PBXSourcesBuildPhase;
			buildActionMask = 2147483647;
			files = (
				D45850B91FB4DB3B00E80531 /* ViewController.swift in Sources */,
				D45850B71FB4DB3B00E80531 /* AppDelegate.swift in Sources */,
				D42961E51FB4E85B0032D322 /* User+CoreDataProperties.swift in Sources */,
				EF6EB0C31FD8FEBB0080CDCD /* SpotPointAnnotation.swift in Sources */,
				EF6EB0C11FD8F7B10080CDCD /* MapViewController.swift in Sources */,
				D42961E21FB4E85B0032D322 /* ParkingSpot+CoreDataClass.swift in Sources */,
				D45850BF1FB4DB3B00E80531 /* ParkingApp2.xcdatamodeld in Sources */,
				D42961E31FB4E85B0032D322 /* ParkingSpot+CoreDataProperties.swift in Sources */,
				EF6EB0BD1FD8F1E40080CDCD /* ParkingSpot.swift in Sources */,
				D42961E41FB4E85B0032D322 /* User+CoreDataClass.swift in Sources */,
			);
			runOnlyForDeploymentPostprocessing = 0;
		};
/* End PBXSourcesBuildPhase section */

/* Begin PBXVariantGroup section */
		D45850BA1FB4DB3B00E80531 /* Main.storyboard */ = {
			isa = PBXVariantGroup;
			children = (
				D45850BB1FB4DB3B00E80531 /* Base */,
			);
			name = Main.storyboard;
			sourceTree = "<group>";
		};
		D45850C21FB4DB3B00E80531 /* LaunchScreen.storyboard */ = {
			isa = PBXVariantGroup;
			children = (
				D45850C31FB4DB3B00E80531 /* Base */,
			);
			name = LaunchScreen.storyboard;
			sourceTree = "<group>";
		};
/* End PBXVariantGroup section */

/* Begin XCBuildConfiguration section */
		D45850C61FB4DB3B00E80531 /* Debug */ = {
			isa = XCBuildConfiguration;
			buildSettings = {
				ALWAYS_SEARCH_USER_PATHS = NO;
				CLANG_ANALYZER_NONNULL = YES;
				CLANG_ANALYZER_NUMBER_OBJECT_CONVERSION = YES_AGGRESSIVE;
				CLANG_CXX_LANGUAGE_STANDARD = "gnu++14";
				CLANG_CXX_LIBRARY = "libc++";
				CLANG_ENABLE_MODULES = YES;
				CLANG_ENABLE_OBJC_ARC = YES;
				CLANG_WARN_BLOCK_CAPTURE_AUTORELEASING = YES;
				CLANG_WARN_BOOL_CONVERSION = YES;
				CLANG_WARN_COMMA = YES;
				CLANG_WARN_CONSTANT_CONVERSION = YES;
				CLANG_WARN_DIRECT_OBJC_ISA_USAGE = YES_ERROR;
				CLANG_WARN_DOCUMENTATION_COMMENTS = YES;
				CLANG_WARN_EMPTY_BODY = YES;
				CLANG_WARN_ENUM_CONVERSION = YES;
				CLANG_WARN_INFINITE_RECURSION = YES;
				CLANG_WARN_INT_CONVERSION = YES;
				CLANG_WARN_NON_LITERAL_NULL_CONVERSION = YES;
				CLANG_WARN_OBJC_LITERAL_CONVERSION = YES;
				CLANG_WARN_OBJC_ROOT_CLASS = YES_ERROR;
				CLANG_WARN_RANGE_LOOP_ANALYSIS = YES;
				CLANG_WARN_STRICT_PROTOTYPES = YES;
				CLANG_WARN_SUSPICIOUS_MOVE = YES;
				CLANG_WARN_UNGUARDED_AVAILABILITY = YES_AGGRESSIVE;
				CLANG_WARN_UNREACHABLE_CODE = YES;
				CLANG_WARN__DUPLICATE_METHOD_MATCH = YES;
				CODE_SIGN_IDENTITY = "iPhone Developer";
				COPY_PHASE_STRIP = NO;
				DEBUG_INFORMATION_FORMAT = dwarf;
				ENABLE_STRICT_OBJC_MSGSEND = YES;
				ENABLE_TESTABILITY = YES;
				GCC_C_LANGUAGE_STANDARD = gnu11;
				GCC_DYNAMIC_NO_PIC = NO;
				GCC_NO_COMMON_BLOCKS = YES;
				GCC_OPTIMIZATION_LEVEL = 0;
				GCC_PREPROCESSOR_DEFINITIONS = (
					"DEBUG=1",
					"$(inherited)",
				);
				GCC_WARN_64_TO_32_BIT_CONVERSION = YES;
				GCC_WARN_ABOUT_RETURN_TYPE = YES_ERROR;
				GCC_WARN_UNDECLARED_SELECTOR = YES;
				GCC_WARN_UNINITIALIZED_AUTOS = YES_AGGRESSIVE;
				GCC_WARN_UNUSED_FUNCTION = YES;
				GCC_WARN_UNUSED_VARIABLE = YES;
				IPHONEOS_DEPLOYMENT_TARGET = 11.1;
				MTL_ENABLE_DEBUG_INFO = YES;
				ONLY_ACTIVE_ARCH = YES;
				SDKROOT = iphoneos;
				SWIFT_ACTIVE_COMPILATION_CONDITIONS = DEBUG;
				SWIFT_OPTIMIZATION_LEVEL = "-Onone";
			};
			name = Debug;
		};
		D45850C71FB4DB3B00E80531 /* Release */ = {
			isa = XCBuildConfiguration;
			buildSettings = {
				ALWAYS_SEARCH_USER_PATHS = NO;
				CLANG_ANALYZER_NONNULL = YES;
				CLANG_ANALYZER_NUMBER_OBJECT_CONVERSION = YES_AGGRESSIVE;
				CLANG_CXX_LANGUAGE_STANDARD = "gnu++14";
				CLANG_CXX_LIBRARY = "libc++";
				CLANG_ENABLE_MODULES = YES;
				CLANG_ENABLE_OBJC_ARC = YES;
				CLANG_WARN_BLOCK_CAPTURE_AUTORELEASING = YES;
				CLANG_WARN_BOOL_CONVERSION = YES;
				CLANG_WARN_COMMA = YES;
				CLANG_WARN_CONSTANT_CONVERSION = YES;
				CLANG_WARN_DIRECT_OBJC_ISA_USAGE = YES_ERROR;
				CLANG_WARN_DOCUMENTATION_COMMENTS = YES;
				CLANG_WARN_EMPTY_BODY = YES;
				CLANG_WARN_ENUM_CONVERSION = YES;
				CLANG_WARN_INFINITE_RECURSION = YES;
				CLANG_WARN_INT_CONVERSION = YES;
				CLANG_WARN_NON_LITERAL_NULL_CONVERSION = YES;
				CLANG_WARN_OBJC_LITERAL_CONVERSION = YES;
				CLANG_WARN_OBJC_ROOT_CLASS = YES_ERROR;
				CLANG_WARN_RANGE_LOOP_ANALYSIS = YES;
				CLANG_WARN_STRICT_PROTOTYPES = YES;
				CLANG_WARN_SUSPICIOUS_MOVE = YES;
				CLANG_WARN_UNGUARDED_AVAILABILITY = YES_AGGRESSIVE;
				CLANG_WARN_UNREACHABLE_CODE = YES;
				CLANG_WARN__DUPLICATE_METHOD_MATCH = YES;
				CODE_SIGN_IDENTITY = "iPhone Developer";
				COPY_PHASE_STRIP = NO;
				DEBUG_INFORMATION_FORMAT = "dwarf-with-dsym";
				ENABLE_NS_ASSERTIONS = NO;
				ENABLE_STRICT_OBJC_MSGSEND = YES;
				GCC_C_LANGUAGE_STANDARD = gnu11;
				GCC_NO_COMMON_BLOCKS = YES;
				GCC_WARN_64_TO_32_BIT_CONVERSION = YES;
				GCC_WARN_ABOUT_RETURN_TYPE = YES_ERROR;
				GCC_WARN_UNDECLARED_SELECTOR = YES;
				GCC_WARN_UNINITIALIZED_AUTOS = YES_AGGRESSIVE;
				GCC_WARN_UNUSED_FUNCTION = YES;
				GCC_WARN_UNUSED_VARIABLE = YES;
				IPHONEOS_DEPLOYMENT_TARGET = 11.1;
				MTL_ENABLE_DEBUG_INFO = NO;
				SDKROOT = iphoneos;
				SWIFT_OPTIMIZATION_LEVEL = "-Owholemodule";
				VALIDATE_PRODUCT = YES;
			};
			name = Release;
		};
		D45850C91FB4DB3B00E80531 /* Debug */ = {
			isa = XCBuildConfiguration;
			buildSettings = {
				ASSETCATALOG_COMPILER_APPICON_NAME = AppIcon;
				CODE_SIGN_ENTITLEMENTS = ParkingApp2/ParkingApp2.entitlements;
				CODE_SIGN_STYLE = Automatic;
				DEVELOPMENT_TEAM = 4FNJNUQ3AD;
				INFOPLIST_FILE = ParkingApp2/Info.plist;
				LD_RUNPATH_SEARCH_PATHS = "$(inherited) @executable_path/Frameworks";
				PRODUCT_BUNDLE_IDENTIFIER = edu.missouri.ParkingApp2;
				PRODUCT_NAME = "$(TARGET_NAME)";
				SWIFT_VERSION = 4.0;
				TARGETED_DEVICE_FAMILY = "1,2";
			};
			name = Debug;
		};
		D45850CA1FB4DB3B00E80531 /* Release */ = {
			isa = XCBuildConfiguration;
			buildSettings = {
				ASSETCATALOG_COMPILER_APPICON_NAME = AppIcon;
				CODE_SIGN_ENTITLEMENTS = ParkingApp2/ParkingApp2.entitlements;
				CODE_SIGN_STYLE = Automatic;
				DEVELOPMENT_TEAM = 4FNJNUQ3AD;
				INFOPLIST_FILE = ParkingApp2/Info.plist;
				LD_RUNPATH_SEARCH_PATHS = "$(inherited) @executable_path/Frameworks";
				PRODUCT_BUNDLE_IDENTIFIER = edu.missouri.ParkingApp2;
				PRODUCT_NAME = "$(TARGET_NAME)";
				SWIFT_VERSION = 4.0;
				TARGETED_DEVICE_FAMILY = "1,2";
			};
			name = Release;
		};
/* End XCBuildConfiguration section */

/* Begin XCConfigurationList section */
		D45850AE1FB4DB3B00E80531 /* Build configuration list for PBXProject "ParkingApp2" */ = {
			isa = XCConfigurationList;
			buildConfigurations = (
				D45850C61FB4DB3B00E80531 /* Debug */,
				D45850C71FB4DB3B00E80531 /* Release */,
			);
			defaultConfigurationIsVisible = 0;
			defaultConfigurationName = Release;
		};
		D45850C81FB4DB3B00E80531 /* Build configuration list for PBXNativeTarget "ParkingApp2" */ = {
			isa = XCConfigurationList;
			buildConfigurations = (
				D45850C91FB4DB3B00E80531 /* Debug */,
				D45850CA1FB4DB3B00E80531 /* Release */,
			);
			defaultConfigurationIsVisible = 0;
			defaultConfigurationName = Release;
		};
/* End XCConfigurationList section */

/* Begin XCVersionGroup section */
		D45850BD1FB4DB3B00E80531 /* ParkingApp2.xcdatamodeld */ = {
			isa = XCVersionGroup;
			children = (
				D45850BE1FB4DB3B00E80531 /* ParkingApp2.xcdatamodel */,
			);
			currentVersion = D45850BE1FB4DB3B00E80531 /* ParkingApp2.xcdatamodel */;
			path = ParkingApp2.xcdatamodeld;
			sourceTree = "<group>";
			versionGroupType = wrapper.xcdatamodel;
		};
/* End XCVersionGroup section */
	};
	rootObject = D45850AB1FB4DB3B00E80531 /* Project object */;
}
